{
  "name": "wfsl-org-profile-guard",
  "version": "0.2.0",
  "lockfileVersion": 3,
  "requires": true,
  "packages": {
    "": {
      "name": "wfsl-org-profile-guard",
      "version": "0.2.0",
      "license": "ISC",
      "dependencies": {
        "wfsl-control-plane": "github:Wynergy-Fibre-Solutions/wfsl-control-plane#v1.0.1"
      }
    },
    "node_modules/wfsl-control-plane": {
      "version": "1.0.0",
      "resolved": "git+ssh://git@github.com/Wynergy-Fibre-Solutions/wfsl-control-plane.git#e1a3bdda9e2f13367ec9d634a93e9bd6178930d1",
      "license": "ISC"
    }
  }
}
